// !$*UTF8*$!
{
	archiveVersion = 1;
	classes = {
	};
	objectVersion = 46;
	objects = {

/* Begin PBXBuildFile section */
		9295FBC51C7E86FE007B4B95 /* AppDelegate.swift in Sources */ = {isa = PBXBuildFile; fileRef = 9295FBC41C7E86FE007B4B95 /* AppDelegate.swift */; };
		9295FBC71C7E86FE007B4B95 /* ViewController.swift in Sources */ = {isa = PBXBuildFile; fileRef = 9295FBC61C7E86FE007B4B95 /* ViewController.swift */; };
		9295FBCA1C7E86FE007B4B95 /* Main.storyboard in Resources */ = {isa = PBXBuildFile; fileRef = 9295FBC81C7E86FE007B4B95 /* Main.storyboard */; };
		9295FBCC1C7E86FE007B4B95 /* Assets.xcassets in Resources */ = {isa = PBXBuildFile; fileRef = 9295FBCB1C7E86FE007B4B95 /* Assets.xcassets */; };
		9295FBCF1C7E86FE007B4B95 /* LaunchScreen.storyboard in Resources */ = {isa = PBXBuildFile; fileRef = 9295FBCD1C7E86FE007B4B95 /* LaunchScreen.storyboard */; };
/* End PBXBuildFile section */

/* Begin PBXFileReference section */
		9295FBC11C7E86FE007B4B95 /* Chacha.app */ = {isa = PBXFileReference; explicitFileType = wrapper.application; includeInIndex = 0; path = Chacha.app; sourceTree = BUILT_PRODUCTS_DIR; };
		9295FBC41C7E86FE007B4B95 /* AppDelegate.swift */ = {isa = PBXFileReference; lastKnownFileType = sourcecode.swift; path = AppDelegate.swift; sourceTree = "<group>"; };
		9295FBC61C7E86FE007B4B95 /* ViewController.swift */ = {isa = PBXFileReference; lastKnownFileType = sourcecode.swift; path = ViewController.swift; sourceTree = "<group>"; };
		9295FBC91C7E86FE007B4B95 /* Base */ = {isa = PBXFileReference; lastKnownFileType = file.storyboard; name = Base; path = Base.lproj/Main.storyboard; sourceTree = "<group>"; };
		9295FBCB1C7E86FE007B4B95 /* Assets.xcassets */ = {isa = PBXFileReference; lastKnownFileType = folder.assetcatalog; path = Assets.xcassets; sourceTree = "<group>"; };
		9295FBCE1C7E86FE007B4B95 /* Base */ = {isa = PBXFileReference; lastKnownFileType = file.storyboard; name = Base; path = Base.lproj/LaunchScreen.storyboard; sourceTree = "<group>"; };
		9295FBD01C7E86FE007B4B95 /* Info.plist */ = {isa = PBXFileReference; lastKnownFileType = text.plist.xml; path = Info.plist; sourceTree = "<group>"; };
/* End PBXFileReference section */

/* Begin PBXFrameworksBuildPhase section */
		9295FBBE1C7E86FE007B4B95 /* Frameworks */ = {
			isa = PBXFrameworksBuildPhase;
			buildActionMask = 2147483647;
			files = (
			);
			runOnlyForDeploymentPostprocessing = 0;
		};
/* End PBXFrameworksBuildPhase section */

/* Begin PBXGroup section */
		9295FBB81C7E86FD007B4B95 = {
			isa = PBXGroup;
			children = (
				9295FBC31C7E86FE007B4B95 /* Chacha */,
				9295FBC21C7E86FE007B4B95 /* Products */,
			);
			sourceTree = "<group>";
		};
		9295FBC21C7E86FE007B4B95 /* Products */ = {
			isa = PBXGroup;
			children = (
				9295FBC11C7E86FE007B4B95 /* Chacha.app */,
			);
			name = Products;
			sourceTree = "<group>";
		};
		9295FBC31C7E86FE007B4B95 /* Chacha */ = {
			isa = PBXGroup;
			children = (
				9295FBC41C7E86FE007B4B95 /* AppDelegate.swift */,
				9295FBC61C7E86FE007B4B95 /* ViewController.swift */,
				9295FBC81C7E86FE007B4B95 /* Main.storyboard */,
				9295FBCB1C7E86FE007B4B95 /* Assets.xcassets */,
				9295FBCD1C7E86FE007B4B95 /* LaunchScreen.storyboard */,
				9295FBD01C7E86FE007B4B95 /* Info.plist */,
			);
			path = Chacha;
			sourceTree = "<group>";
		};
/* End PBXGroup section */

/* Begin PBXNativeTarget section */
		9295FBC01C7E86FE007B4B95 /* Chacha */ = {
			isa = PBXNativeTarget;
			buildConfigurationList = 9295FBD31C7E86FE007B4B95 /* Build configuration list for PBXNativeTarget "Chacha" */;
			buildPhases = (
				9295FBBD1C7E86FE007B4B95 /* Sources */,
				9295FBBE1C7E86FE007B4B95 /* Frameworks */,
				9295FBBF1C7E86FE007B4B95 /* Resources */,
			);
			buildRules = (
			);
			dependencies = (
			);
			name = Chacha;
			productName = Chacha;
			productReference = 9295FBC11C7E86FE007B4B95 /* Chacha.app */;
			productType = "com.apple.product-type.application";
		};
/* End PBXNativeTarget section */

/* Begin PBXProject section */
		9295FBB91C7E86FD007B4B95 /* Project object */ = {
			isa = PBXProject;
			attributes = {
				LastSwiftUpdateCheck = 0720;
				LastUpgradeCheck = 0720;
				ORGANIZATIONNAME = Chong500Productions;
				TargetAttributes = {
					9295FBC01C7E86FE007B4B95 = {
						CreatedOnToolsVersion = 7.2.1;
					};
				};
			};
			buildConfigurationList = 9295FBBC1C7E86FD007B4B95 /* Build configuration list for PBXProject "Chacha" */;
			compatibilityVersion = "Xcode 3.2";
			developmentRegion = English;
			hasScannedForEncodings = 0;
			knownRegions = (
				en,
				Base,
			);
			mainGroup = 9295FBB81C7E86FD007B4B95;
			productRefGroup = 9295FBC21C7E86FE007B4B95 /* Products */;
			projectDirPath = "";
			projectRoot = "";
			targets = (
				9295FBC01C7E86FE007B4B95 /* Chacha */,
			);
		};
/* End PBXProject section */

/* Begin PBXResourcesBuildPhase section */
		9295FBBF1C7E86FE007B4B95 /* Resources */ = {
			isa = PBXResourcesBuildPhase;
			buildActionMask = 2147483647;
			files = (
				9295FBCF1C7E86FE007B4B95 /* LaunchScreen.storyboard in Resources */,
				9295FBCC1C7E86FE007B4B95 /* Assets.xcassets in Resources */,
				9295FBCA1C7E86FE007B4B95 /* Main.storyboard in Resources */,
			);
			runOnlyForDeploymentPostprocessing = 0;
		};
/* End PBXResourcesBuildPhase section */

/* Begin PBXSourcesBuildPhase section */
		9295FBBD1C7E86FE007B4B95 /* Sources */ = {
			isa = PBXSourcesBuildPhase;
			buildActionMask = 2147483647;
			files = (
				9295FBC71C7E86FE007B4B95 /* ViewController.swift in Sources */,
				9295FBC51C7E86FE007B4B95 /* AppDelegate.swift in Sources */,
			);
			runOnlyForDeploymentPostprocessing = 0;
		};
/* End PBXSourcesBuildPhase section */

/* Begin PBXVariantGroup section */
		9295FBC81C7E86FE007B4B95 /* Main.storyboard */ = {
			isa = PBXVariantGroup;
			children = (
				9295FBC91C7E86FE007B4B95 /* Base */,
			);
			name = Main.storyboard;
			sourceTree = "<group>";
		};
		9295FBCD1C7E86FE007B4B95 /* LaunchScreen.storyboard */ = {
			isa = PBXVariantGroup;
			children = (
				9295FBCE1C7E86FE007B4B95 /* Base */,
			);
			name = LaunchScreen.storyboard;
			sourceTree = "<group>";
		};
/* End PBXVariantGroup section */

/* Begin XCBuildConfiguration section */
		9295FBD11C7E86FE007B4B95 /* Debug */ = {
			isa = XCBuildConfiguration;
			buildSettings = {
				ALWAYS_SEARCH_USER_PATHS = NO;
				CLANG_CXX_LANGUAGE_STANDARD = "gnu++0x";
				CLANG_CXX_LIBRARY = "libc++";
				CLANG_ENABLE_MODULES = YES;
				CLANG_ENABLE_OBJC_ARC = YES;
				CLANG_WARN_BOOL_CONVERSION = YES;
				CLANG_WARN_CONSTANT_CONVERSION = YES;
				CLANG_WARN_DIRECT_OBJC_ISA_USAGE = YES_ERROR;
				CLANG_WARN_EMPTY_BODY = YES;
				CLANG_WARN_ENUM_CONVERSION = YES;
				CLANG_WARN_INT_CONVERSION = YES;
				CLANG_WARN_OBJC_ROOT_CLASS = YES_ERROR;
				CLANG_WARN_UNREACHABLE_CODE = YES;
				CLANG_WARN__DUPLICATE_METHOD_MATCH = YES;
				"CODE_SIGN_IDENTITY[sdk=iphoneos*]" = "iPhone Developer";
				COPY_PHASE_STRIP = NO;
				DEBUG_INFORMATION_FORMAT = dwarf;
				ENABLE_STRICT_OBJC_MSGSEND = YES;
				ENABLE_TESTABILITY = YES;
				GCC_C_LANGUAGE_STANDARD = gnu99;
				GCC_DYNAMIC_NO_PIC = NO;
				GCC_NO_COMMON_BLOCKS = YES;
				GCC_OPTIMIZATION_LEVEL = 0;
				GCC_PREPROCESSOR_DEFINITIONS = (
					"DEBUG=1",
					"$(inherited)",
				);
				GCC_WARN_64_TO_32_BIT_CONVERSION = YES;
				GCC_WARN_ABOUT_RETURN_TYPE = YES_ERROR;
				GCC_WARN_UNDECLARED_SELECTOR = YES;
				GCC_WARN_UNINITIALIZED_AUTOS = YES_AGGRESSIVE;
				GCC_WARN_UNUSED_FUNCTION = YES;
				GCC_WARN_UNUSED_VARIABLE = YES;
				IPHONEOS_DEPLOYMENT_TARGET = 9.2;
				MTL_ENABLE_DEBUG_INFO = YES;
				ONLY_ACTIVE_ARCH = YES;
				SDKROOT = iphoneos;
				SWIFT_OPTIMIZATION_LEVEL = "-Onone";
			};
			name = Debug;
		};
		9295FBD21C7E86FE007B4B95 /* Release */ = {
			isa = XCBuildConfiguration;
			buildSettings = {
				ALWAYS_SEARCH_USER_PATHS = NO;
				CLANG_CXX_LANGUAGE_STANDARD = "gnu++0x";
				CLANG_CXX_LIBRARY = "libc++";
				CLANG_ENABLE_MODULES = YES;
				CLANG_ENABLE_OBJC_ARC = YES;
				CLANG_WARN_BOOL_CONVERSION = YES;
				CLANG_WARN_CONSTANT_CONVERSION = YES;
				CLANG_WARN_DIRECT_OBJC_ISA_USAGE = YES_ERROR;
				CLANG_WARN_EMPTY_BODY = YES;
				CLANG_WARN_ENUM_CONVERSION = YES;
				CLANG_WARN_INT_CONVERSION = YES;
				CLANG_WARN_OBJC_ROOT_CLASS = YES_ERROR;
				CLANG_WARN_UNREACHABLE_CODE = YES;
				CLANG_WARN__DUPLICATE_METHOD_MATCH = YES;
				"CODE_SIGN_IDENTITY[sdk=iphoneos*]" = "iPhone Developer";
				COPY_PHASE_STRIP = NO;
				DEBUG_INFORMATION_FORMAT = "dwarf-with-dsym";
				ENABLE_NS_ASSERTIONS = NO;
				ENABLE_STRICT_OBJC_MSGSEND = YES;
				GCC_C_LANGUAGE_STANDARD = gnu99;
				GCC_NO_COMMON_BLOCKS = YES;
				GCC_WARN_64_TO_32_BIT_CONVERSION = YES;
				GCC_WARN_ABOUT_RETURN_TYPE = YES_ERROR;
				GCC_WARN_UNDECLARED_SELECTOR = YES;
				GCC_WARN_UNINITIALIZED_AUTOS = YES_AGGRESSIVE;
				GCC_WARN_UNUSED_FUNCTION = YES;
				GCC_WARN_UNUSED_VARIABLE = YES;
				IPHONEOS_DEPLOYMENT_TARGET = 9.2;
				MTL_ENABLE_DEBUG_INFO = NO;
				SDKROOT = iphoneos;
				VALIDATE_PRODUCT = YES;
			};
			name = Release;
		};
		9295FBD41C7E86FE007B4B95 /* Debug */ = {
			isa = XCBuildConfiguration;
			buildSettings = {
				ASSETCATALOG_COMPILER_APPICON_NAME = AppIcon;
				INFOPLIST_FILE = Chacha/Info.plist;
				LD_RUNPATH_SEARCH_PATHS = "$(inherited) @executable_path/Frameworks";
				PRODUCT_BUNDLE_IDENTIFIER = dcj.Chong500Productions.Chacha;
				PRODUCT_NAME = "$(TARGET_NAME)";
			};
			name = Debug;
		};
		9295FBD51C7E86FE007B4B95 /* Release */ = {
			isa = XCBuildConfiguration;
			buildSettings = {
				ASSETCATALOG_COMPILER_APPICON_NAME = AppIcon;
				INFOPLIST_FILE = Chacha/Info.plist;
				LD_RUNPATH_SEARCH_PATHS = "$(inherited) @executable_path/Frameworks";
				PRODUCT_BUNDLE_IDENTIFIER = dcj.Chong500Productions.Chacha;
				PRODUCT_NAME = "$(TARGET_NAME)";
			};
			name = Release;
		};
/* End XCBuildConfiguration section */

/* Begin XCConfigurationList section */
		9295FBBC1C7E86FD007B4B95 /* Build configuration list for PBXProject "Chacha" */ = {
			isa = XCConfigurationList;
			buildConfigurations = (
				9295FBD11C7E86FE007B4B95 /* Debug */,
				9295FBD21C7E86FE007B4B95 /* Release */,
			);
			defaultConfigurationIsVisible = 0;
			defaultConfigurationName = Release;
		};
		9295FBD31C7E86FE007B4B95 /* Build configuration list for PBXNativeTarget "Chacha" */ = {
			isa = XCConfigurationList;
			buildConfigurations = (
				9295FBD41C7E86FE007B4B95 /* Debug */,
				9295FBD51C7E86FE007B4B95 /* Release */,
			);
			defaultConfigurationIsVisible = 0;
		};
/* End XCConfigurationList section */
	};
	rootObject = 9295FBB91C7E86FD007B4B95 /* Project object */;
}
