// !$*UTF8*$!
{
	archiveVersion = 1;
	classes = {
	};
	objectVersion = 46;
	objects = {

/* Begin PBXBuildFile section */
		9238E2071C84BEBF00313AB7 /* Alert.swift in Sources */ = {isa = PBXBuildFile; fileRef = 9238E2061C84BEBF00313AB7 /* Alert.swift */; };
		9238E2111C861AA000313AB7 /* ExploreViewController.swift in Sources */ = {isa = PBXBuildFile; fileRef = 9238E2101C861AA000313AB7 /* ExploreViewController.swift */; };
		9238E2131C861B1B00313AB7 /* ExploreLayout.swift in Sources */ = {isa = PBXBuildFile; fileRef = 9238E2121C861B1B00313AB7 /* ExploreLayout.swift */; };
		9238E2151C861B6100313AB7 /* Photo.swift in Sources */ = {isa = PBXBuildFile; fileRef = 9238E2141C861B6100313AB7 /* Photo.swift */; };
		9238E2171C861DB800313AB7 /* Photos.plist in Resources */ = {isa = PBXBuildFile; fileRef = 9238E2161C861DB800313AB7 /* Photos.plist */; };
		9238E2191C861DD900313AB7 /* Photos.xcassets in Resources */ = {isa = PBXBuildFile; fileRef = 9238E2181C861DD900313AB7 /* Photos.xcassets */; };
		9238E21C1C86243600313AB7 /* RoundedCornersView.swift in Sources */ = {isa = PBXBuildFile; fileRef = 9238E21B1C86243600313AB7 /* RoundedCornersView.swift */; };
		9238E21E1C8625E300313AB7 /* AnnotatedPhotoCell.swift in Sources */ = {isa = PBXBuildFile; fileRef = 9238E21D1C8625E300313AB7 /* AnnotatedPhotoCell.swift */; };
		9295FBC51C7E86FE007B4B95 /* AppDelegate.swift in Sources */ = {isa = PBXBuildFile; fileRef = 9295FBC41C7E86FE007B4B95 /* AppDelegate.swift */; };
		9295FBC71C7E86FE007B4B95 /* ViewController.swift in Sources */ = {isa = PBXBuildFile; fileRef = 9295FBC61C7E86FE007B4B95 /* ViewController.swift */; };
		9295FBCA1C7E86FE007B4B95 /* Main.storyboard in Resources */ = {isa = PBXBuildFile; fileRef = 9295FBC81C7E86FE007B4B95 /* Main.storyboard */; };
		9295FBCC1C7E86FE007B4B95 /* Assets.xcassets in Resources */ = {isa = PBXBuildFile; fileRef = 9295FBCB1C7E86FE007B4B95 /* Assets.xcassets */; };
		9295FBCF1C7E86FE007B4B95 /* LaunchScreen.storyboard in Resources */ = {isa = PBXBuildFile; fileRef = 9295FBCD1C7E86FE007B4B95 /* LaunchScreen.storyboard */; };
		9295FBD71C7E882D007B4B95 /* Parse.framework in Frameworks */ = {isa = PBXBuildFile; fileRef = 9295FBD61C7E882D007B4B95 /* Parse.framework */; };
		9295FBDA1C7E884A007B4B95 /* Bolts.framework in Frameworks */ = {isa = PBXBuildFile; fileRef = 9295FBD91C7E884A007B4B95 /* Bolts.framework */; };
		9295FBDC1C7E8886007B4B95 /* AudioToolbox.framework in Frameworks */ = {isa = PBXBuildFile; fileRef = 9295FBDB1C7E8886007B4B95 /* AudioToolbox.framework */; };
		9295FBDE1C7E888D007B4B95 /* CoreGraphics.framework in Frameworks */ = {isa = PBXBuildFile; fileRef = 9295FBDD1C7E888D007B4B95 /* CoreGraphics.framework */; };
		9295FBE01C7E8895007B4B95 /* CoreLocation.framework in Frameworks */ = {isa = PBXBuildFile; fileRef = 9295FBDF1C7E8895007B4B95 /* CoreLocation.framework */; };
		9295FBE21C7E88A1007B4B95 /* QuartzCore.framework in Frameworks */ = {isa = PBXBuildFile; fileRef = 9295FBE11C7E88A1007B4B95 /* QuartzCore.framework */; };
		9295FBE41C7E88A7007B4B95 /* Security.framework in Frameworks */ = {isa = PBXBuildFile; fileRef = 9295FBE31C7E88A7007B4B95 /* Security.framework */; };
		9295FBE61C7E88AE007B4B95 /* StoreKit.framework in Frameworks */ = {isa = PBXBuildFile; fileRef = 9295FBE51C7E88AE007B4B95 /* StoreKit.framework */; };
		9295FBE81C7E88B8007B4B95 /* SystemConfiguration.framework in Frameworks */ = {isa = PBXBuildFile; fileRef = 9295FBE71C7E88B8007B4B95 /* SystemConfiguration.framework */; };
		9295FBEA1C7E88C1007B4B95 /* libz.tbd in Frameworks */ = {isa = PBXBuildFile; fileRef = 9295FBE91C7E88C1007B4B95 /* libz.tbd */; };
		9295FBEC1C7E88CD007B4B95 /* libsqlite3.tbd in Frameworks */ = {isa = PBXBuildFile; fileRef = 9295FBEB1C7E88CD007B4B95 /* libsqlite3.tbd */; };
		9295FBF61C7E9FF7007B4B95 /* SignUpViewController.swift in Sources */ = {isa = PBXBuildFile; fileRef = 9295FBF51C7E9FF7007B4B95 /* SignUpViewController.swift */; };
		9295FBF81C7EA4FC007B4B95 /* Globals.swift in Sources */ = {isa = PBXBuildFile; fileRef = 9295FBF71C7EA4FC007B4B95 /* Globals.swift */; };
		9295FBFA1C838DE3007B4B95 /* UIColorExtension.swift in Sources */ = {isa = PBXBuildFile; fileRef = 9295FBF91C838DE3007B4B95 /* UIColorExtension.swift */; };
		92CE70261C83986000E3A7B6 /* User.swift in Sources */ = {isa = PBXBuildFile; fileRef = 92CE70251C83986000E3A7B6 /* User.swift */; };
		92CE70291C839C0000E3A7B6 /* DateExtensions.swift in Sources */ = {isa = PBXBuildFile; fileRef = 92CE70281C839C0000E3A7B6 /* DateExtensions.swift */; };
		92CE702B1C839D8700E3A7B6 /* UIImageExtension.swift in Sources */ = {isa = PBXBuildFile; fileRef = 92CE702A1C839D8700E3A7B6 /* UIImageExtension.swift */; };
		92CE702D1C839F7300E3A7B6 /* iLikeyDateTextField.swift in Sources */ = {isa = PBXBuildFile; fileRef = 92CE702C1C839F7300E3A7B6 /* iLikeyDateTextField.swift */; };
		92CE70311C83AAA800E3A7B6 /* LogInViewController.swift in Sources */ = {isa = PBXBuildFile; fileRef = 92CE70301C83AAA800E3A7B6 /* LogInViewController.swift */; };
		92CE70361C83FF4200E3A7B6 /* QuestionFeed.storyboard in Resources */ = {isa = PBXBuildFile; fileRef = 92CE70351C83FF4200E3A7B6 /* QuestionFeed.storyboard */; };
		92CE703A1C8400A200E3A7B6 /* FeedViewController.swift in Sources */ = {isa = PBXBuildFile; fileRef = 92CE70391C8400A200E3A7B6 /* FeedViewController.swift */; };
		F74FA308D54281B0CF512C21 /* Pods_Chacha.framework in Frameworks */ = {isa = PBXBuildFile; fileRef = E591D4BDBA0D2B57591ED3EB /* Pods_Chacha.framework */; };
/* End PBXBuildFile section */

/* Begin PBXFileReference section */
		9238E2061C84BEBF00313AB7 /* Alert.swift */ = {isa = PBXFileReference; fileEncoding = 4; lastKnownFileType = sourcecode.swift; path = Alert.swift; sourceTree = "<group>"; };
		9238E2101C861AA000313AB7 /* ExploreViewController.swift */ = {isa = PBXFileReference; fileEncoding = 4; lastKnownFileType = sourcecode.swift; path = ExploreViewController.swift; sourceTree = "<group>"; };
		9238E2121C861B1B00313AB7 /* ExploreLayout.swift */ = {isa = PBXFileReference; fileEncoding = 4; lastKnownFileType = sourcecode.swift; path = ExploreLayout.swift; sourceTree = "<group>"; };
		9238E2141C861B6100313AB7 /* Photo.swift */ = {isa = PBXFileReference; fileEncoding = 4; lastKnownFileType = sourcecode.swift; path = Photo.swift; sourceTree = "<group>"; };
		9238E2161C861DB800313AB7 /* Photos.plist */ = {isa = PBXFileReference; fileEncoding = 4; lastKnownFileType = text.plist.xml; path = Photos.plist; sourceTree = "<group>"; };
		9238E2181C861DD900313AB7 /* Photos.xcassets */ = {isa = PBXFileReference; lastKnownFileType = folder.assetcatalog; path = Photos.xcassets; sourceTree = "<group>"; };
		9238E21B1C86243600313AB7 /* RoundedCornersView.swift */ = {isa = PBXFileReference; fileEncoding = 4; lastKnownFileType = sourcecode.swift; path = RoundedCornersView.swift; sourceTree = "<group>"; };
		9238E21D1C8625E300313AB7 /* AnnotatedPhotoCell.swift */ = {isa = PBXFileReference; fileEncoding = 4; lastKnownFileType = sourcecode.swift; path = AnnotatedPhotoCell.swift; sourceTree = "<group>"; };
		9295FBC11C7E86FE007B4B95 /* Chacha.app */ = {isa = PBXFileReference; explicitFileType = wrapper.application; includeInIndex = 0; path = Chacha.app; sourceTree = BUILT_PRODUCTS_DIR; };
		9295FBC41C7E86FE007B4B95 /* AppDelegate.swift */ = {isa = PBXFileReference; lastKnownFileType = sourcecode.swift; path = AppDelegate.swift; sourceTree = "<group>"; };
		9295FBC61C7E86FE007B4B95 /* ViewController.swift */ = {isa = PBXFileReference; lastKnownFileType = sourcecode.swift; path = ViewController.swift; sourceTree = "<group>"; };
		9295FBC91C7E86FE007B4B95 /* Base */ = {isa = PBXFileReference; lastKnownFileType = file.storyboard; name = Base; path = Base.lproj/Main.storyboard; sourceTree = "<group>"; };
		9295FBCB1C7E86FE007B4B95 /* Assets.xcassets */ = {isa = PBXFileReference; lastKnownFileType = folder.assetcatalog; path = Assets.xcassets; sourceTree = "<group>"; };
		9295FBCE1C7E86FE007B4B95 /* Base */ = {isa = PBXFileReference; lastKnownFileType = file.storyboard; name = Base; path = Base.lproj/LaunchScreen.storyboard; sourceTree = "<group>"; };
		9295FBD01C7E86FE007B4B95 /* Info.plist */ = {isa = PBXFileReference; lastKnownFileType = text.plist.xml; path = Info.plist; sourceTree = "<group>"; };
		9295FBD61C7E882D007B4B95 /* Parse.framework */ = {isa = PBXFileReference; lastKnownFileType = wrapper.framework; path = Parse.framework; sourceTree = "<group>"; };
		9295FBD91C7E884A007B4B95 /* Bolts.framework */ = {isa = PBXFileReference; lastKnownFileType = wrapper.framework; path = Bolts.framework; sourceTree = "<group>"; };
		9295FBDB1C7E8886007B4B95 /* AudioToolbox.framework */ = {isa = PBXFileReference; lastKnownFileType = wrapper.framework; name = AudioToolbox.framework; path = System/Library/Frameworks/AudioToolbox.framework; sourceTree = SDKROOT; };
		9295FBDD1C7E888D007B4B95 /* CoreGraphics.framework */ = {isa = PBXFileReference; lastKnownFileType = wrapper.framework; name = CoreGraphics.framework; path = System/Library/Frameworks/CoreGraphics.framework; sourceTree = SDKROOT; };
		9295FBDF1C7E8895007B4B95 /* CoreLocation.framework */ = {isa = PBXFileReference; lastKnownFileType = wrapper.framework; name = CoreLocation.framework; path = System/Library/Frameworks/CoreLocation.framework; sourceTree = SDKROOT; };
		9295FBE11C7E88A1007B4B95 /* QuartzCore.framework */ = {isa = PBXFileReference; lastKnownFileType = wrapper.framework; name = QuartzCore.framework; path = System/Library/Frameworks/QuartzCore.framework; sourceTree = SDKROOT; };
		9295FBE31C7E88A7007B4B95 /* Security.framework */ = {isa = PBXFileReference; lastKnownFileType = wrapper.framework; name = Security.framework; path = System/Library/Frameworks/Security.framework; sourceTree = SDKROOT; };
		9295FBE51C7E88AE007B4B95 /* StoreKit.framework */ = {isa = PBXFileReference; lastKnownFileType = wrapper.framework; name = StoreKit.framework; path = System/Library/Frameworks/StoreKit.framework; sourceTree = SDKROOT; };
		9295FBE71C7E88B8007B4B95 /* SystemConfiguration.framework */ = {isa = PBXFileReference; lastKnownFileType = wrapper.framework; name = SystemConfiguration.framework; path = System/Library/Frameworks/SystemConfiguration.framework; sourceTree = SDKROOT; };
		9295FBE91C7E88C1007B4B95 /* libz.tbd */ = {isa = PBXFileReference; lastKnownFileType = "sourcecode.text-based-dylib-definition"; name = libz.tbd; path = usr/lib/libz.tbd; sourceTree = SDKROOT; };
		9295FBEB1C7E88CD007B4B95 /* libsqlite3.tbd */ = {isa = PBXFileReference; lastKnownFileType = "sourcecode.text-based-dylib-definition"; name = libsqlite3.tbd; path = usr/lib/libsqlite3.tbd; sourceTree = SDKROOT; };
		9295FBF51C7E9FF7007B4B95 /* SignUpViewController.swift */ = {isa = PBXFileReference; fileEncoding = 4; lastKnownFileType = sourcecode.swift; path = SignUpViewController.swift; sourceTree = "<group>"; };
		9295FBF71C7EA4FC007B4B95 /* Globals.swift */ = {isa = PBXFileReference; fileEncoding = 4; lastKnownFileType = sourcecode.swift; path = Globals.swift; sourceTree = "<group>"; };
		9295FBF91C838DE3007B4B95 /* UIColorExtension.swift */ = {isa = PBXFileReference; fileEncoding = 4; lastKnownFileType = sourcecode.swift; path = UIColorExtension.swift; sourceTree = "<group>"; };
		92CE70251C83986000E3A7B6 /* User.swift */ = {isa = PBXFileReference; fileEncoding = 4; lastKnownFileType = sourcecode.swift; name = User.swift; path = ../User.swift; sourceTree = "<group>"; };
		92CE70281C839C0000E3A7B6 /* DateExtensions.swift */ = {isa = PBXFileReference; fileEncoding = 4; lastKnownFileType = sourcecode.swift; name = DateExtensions.swift; path = ../DateExtensions.swift; sourceTree = "<group>"; };
		92CE702A1C839D8700E3A7B6 /* UIImageExtension.swift */ = {isa = PBXFileReference; fileEncoding = 4; lastKnownFileType = sourcecode.swift; path = UIImageExtension.swift; sourceTree = "<group>"; };
		92CE702C1C839F7300E3A7B6 /* iLikeyDateTextField.swift */ = {isa = PBXFileReference; fileEncoding = 4; lastKnownFileType = sourcecode.swift; path = iLikeyDateTextField.swift; sourceTree = "<group>"; };
		92CE70301C83AAA800E3A7B6 /* LogInViewController.swift */ = {isa = PBXFileReference; fileEncoding = 4; lastKnownFileType = sourcecode.swift; path = LogInViewController.swift; sourceTree = "<group>"; };
		92CE70351C83FF4200E3A7B6 /* QuestionFeed.storyboard */ = {isa = PBXFileReference; fileEncoding = 4; lastKnownFileType = file.storyboard; path = QuestionFeed.storyboard; sourceTree = "<group>"; };
		92CE70391C8400A200E3A7B6 /* FeedViewController.swift */ = {isa = PBXFileReference; fileEncoding = 4; lastKnownFileType = sourcecode.swift; path = FeedViewController.swift; sourceTree = "<group>"; };
		CEC0C52EB7CE8FDB4BE73F2A /* Pods-Chacha.debug.xcconfig */ = {isa = PBXFileReference; includeInIndex = 1; lastKnownFileType = text.xcconfig; name = "Pods-Chacha.debug.xcconfig"; path = "Pods/Target Support Files/Pods-Chacha/Pods-Chacha.debug.xcconfig"; sourceTree = "<group>"; };
		E591D4BDBA0D2B57591ED3EB /* Pods_Chacha.framework */ = {isa = PBXFileReference; explicitFileType = wrapper.framework; includeInIndex = 0; path = Pods_Chacha.framework; sourceTree = BUILT_PRODUCTS_DIR; };
		F928ED878B9E405364379687 /* Pods-Chacha.release.xcconfig */ = {isa = PBXFileReference; includeInIndex = 1; lastKnownFileType = text.xcconfig; name = "Pods-Chacha.release.xcconfig"; path = "Pods/Target Support Files/Pods-Chacha/Pods-Chacha.release.xcconfig"; sourceTree = "<group>"; };
/* End PBXFileReference section */

/* Begin PBXFrameworksBuildPhase section */
		9295FBBE1C7E86FE007B4B95 /* Frameworks */ = {
			isa = PBXFrameworksBuildPhase;
			buildActionMask = 2147483647;
			files = (
				9295FBEC1C7E88CD007B4B95 /* libsqlite3.tbd in Frameworks */,
				9295FBEA1C7E88C1007B4B95 /* libz.tbd in Frameworks */,
				9295FBE81C7E88B8007B4B95 /* SystemConfiguration.framework in Frameworks */,
				9295FBE61C7E88AE007B4B95 /* StoreKit.framework in Frameworks */,
				9295FBE41C7E88A7007B4B95 /* Security.framework in Frameworks */,
				9295FBE21C7E88A1007B4B95 /* QuartzCore.framework in Frameworks */,
				9295FBE01C7E8895007B4B95 /* CoreLocation.framework in Frameworks */,
				9295FBDE1C7E888D007B4B95 /* CoreGraphics.framework in Frameworks */,
				9295FBDC1C7E8886007B4B95 /* AudioToolbox.framework in Frameworks */,
				9295FBD71C7E882D007B4B95 /* Parse.framework in Frameworks */,
				9295FBDA1C7E884A007B4B95 /* Bolts.framework in Frameworks */,
				F74FA308D54281B0CF512C21 /* Pods_Chacha.framework in Frameworks */,
			);
			runOnlyForDeploymentPostprocessing = 0;
		};
/* End PBXFrameworksBuildPhase section */

/* Begin PBXGroup section */
		9238E21A1C86240400313AB7 /* Views */ = {
			isa = PBXGroup;
			children = (
				9238E21B1C86243600313AB7 /* RoundedCornersView.swift */,
			);
			name = Views;
			sourceTree = "<group>";
		};
		9295FBB81C7E86FD007B4B95 = {
			isa = PBXGroup;
			children = (
				9295FBC31C7E86FE007B4B95 /* Chacha */,
				9295FBC21C7E86FE007B4B95 /* Products */,
				9295FBD81C7E8833007B4B95 /* Frameworks */,
				B4F17A1938F131CF1B4255DB /* Pods */,
			);
			sourceTree = "<group>";
		};
		9295FBC21C7E86FE007B4B95 /* Products */ = {
			isa = PBXGroup;
			children = (
				9295FBC11C7E86FE007B4B95 /* Chacha.app */,
			);
			name = Products;
			sourceTree = "<group>";
		};
		9295FBC31C7E86FE007B4B95 /* Chacha */ = {
			isa = PBXGroup;
			children = (
				9295FBF01C7E9783007B4B95 /* LogIn */,
				92CE70341C83FED800E3A7B6 /* Question Feeds */,
				9295FBEF1C7E8BAD007B4B95 /* Main */,
				9295FBD01C7E86FE007B4B95 /* Info.plist */,
				9295FBCB1C7E86FE007B4B95 /* Assets.xcassets */,
				9238E2161C861DB800313AB7 /* Photos.plist */,
				9238E2181C861DD900313AB7 /* Photos.xcassets */,
				92CE70271C83986E00E3A7B6 /* Models */,
				9295FBFB1C838DFD007B4B95 /* Utils */,
			);
			path = Chacha;
			sourceTree = "<group>";
		};
		9295FBD81C7E8833007B4B95 /* Frameworks */ = {
			isa = PBXGroup;
			children = (
				9295FBEB1C7E88CD007B4B95 /* libsqlite3.tbd */,
				9295FBE91C7E88C1007B4B95 /* libz.tbd */,
				9295FBDB1C7E8886007B4B95 /* AudioToolbox.framework */,
				9295FBDF1C7E8895007B4B95 /* CoreLocation.framework */,
				9295FBE11C7E88A1007B4B95 /* QuartzCore.framework */,
				9295FBE31C7E88A7007B4B95 /* Security.framework */,
				9295FBE51C7E88AE007B4B95 /* StoreKit.framework */,
				9295FBD91C7E884A007B4B95 /* Bolts.framework */,
				9295FBE71C7E88B8007B4B95 /* SystemConfiguration.framework */,
				9295FBDD1C7E888D007B4B95 /* CoreGraphics.framework */,
				9295FBD61C7E882D007B4B95 /* Parse.framework */,
				E591D4BDBA0D2B57591ED3EB /* Pods_Chacha.framework */,
			);
			name = Frameworks;
			path = Chacha;
			sourceTree = "<group>";
		};
		9295FBEF1C7E8BAD007B4B95 /* Main */ = {
			isa = PBXGroup;
			children = (
				9295FBC61C7E86FE007B4B95 /* ViewController.swift */,
				9295FBC41C7E86FE007B4B95 /* AppDelegate.swift */,
				9295FBCD1C7E86FE007B4B95 /* LaunchScreen.storyboard */,
			);
			name = Main;
			sourceTree = "<group>";
		};
		9295FBF01C7E9783007B4B95 /* LogIn */ = {
			isa = PBXGroup;
			children = (
				9295FBC81C7E86FE007B4B95 /* Main.storyboard */,
				9295FBF51C7E9FF7007B4B95 /* SignUpViewController.swift */,
				92CE70301C83AAA800E3A7B6 /* LogInViewController.swift */,
			);
			name = LogIn;
			sourceTree = "<group>";
		};
		9295FBFB1C838DFD007B4B95 /* Utils */ = {
			isa = PBXGroup;
			children = (
				9295FBF71C7EA4FC007B4B95 /* Globals.swift */,
				92CE702A1C839D8700E3A7B6 /* UIImageExtension.swift */,
				9295FBF91C838DE3007B4B95 /* UIColorExtension.swift */,
				92CE70281C839C0000E3A7B6 /* DateExtensions.swift */,
				92CE702C1C839F7300E3A7B6 /* iLikeyDateTextField.swift */,
				9238E2061C84BEBF00313AB7 /* Alert.swift */,
			);
			name = Utils;
			sourceTree = "<group>";
		};
		92CE70271C83986E00E3A7B6 /* Models */ = {
			isa = PBXGroup;
			children = (
				92CE70251C83986000E3A7B6 /* User.swift */,
				9238E2141C861B6100313AB7 /* Photo.swift */,
			);
			name = Models;
			sourceTree = "<group>";
		};
		92CE70341C83FED800E3A7B6 /* Question Feeds */ = {
			isa = PBXGroup;
			children = (
				92CE70351C83FF4200E3A7B6 /* QuestionFeed.storyboard */,
				92CE70391C8400A200E3A7B6 /* FeedViewController.swift */,
				9238E2101C861AA000313AB7 /* ExploreViewController.swift */,
				9238E2121C861B1B00313AB7 /* ExploreLayout.swift */,
				9238E21D1C8625E300313AB7 /* AnnotatedPhotoCell.swift */,
				9238E21A1C86240400313AB7 /* Views */,
			);
			name = "Question Feeds";
			sourceTree = "<group>";
		};
		B4F17A1938F131CF1B4255DB /* Pods */ = {
			isa = PBXGroup;
			children = (
				CEC0C52EB7CE8FDB4BE73F2A /* Pods-Chacha.debug.xcconfig */,
				F928ED878B9E405364379687 /* Pods-Chacha.release.xcconfig */,
			);
			name = Pods;
			sourceTree = "<group>";
		};
/* End PBXGroup section */

/* Begin PBXNativeTarget section */
		9295FBC01C7E86FE007B4B95 /* Chacha */ = {
			isa = PBXNativeTarget;
			buildConfigurationList = 9295FBD31C7E86FE007B4B95 /* Build configuration list for PBXNativeTarget "Chacha" */;
			buildPhases = (
				941C5798DBF2ACC1AEB4F2C6 /* Check Pods Manifest.lock */,
				9295FBBD1C7E86FE007B4B95 /* Sources */,
				9295FBBE1C7E86FE007B4B95 /* Frameworks */,
				9295FBBF1C7E86FE007B4B95 /* Resources */,
				5F5187C6EEFAD391F6786EE3 /* Embed Pods Frameworks */,
				2CD3B1E3F30B95BE109B618C /* Copy Pods Resources */,
			);
			buildRules = (
			);
			dependencies = (
			);
			name = Chacha;
			productName = Chacha;
			productReference = 9295FBC11C7E86FE007B4B95 /* Chacha.app */;
			productType = "com.apple.product-type.application";
		};
/* End PBXNativeTarget section */

/* Begin PBXProject section */
		9295FBB91C7E86FD007B4B95 /* Project object */ = {
			isa = PBXProject;
			attributes = {
				LastSwiftUpdateCheck = 0720;
				LastUpgradeCheck = 0720;
				ORGANIZATIONNAME = Chong500Productions;
				TargetAttributes = {
					9295FBC01C7E86FE007B4B95 = {
						CreatedOnToolsVersion = 7.2.1;
					};
				};
			};
			buildConfigurationList = 9295FBBC1C7E86FD007B4B95 /* Build configuration list for PBXProject "Chacha" */;
			compatibilityVersion = "Xcode 3.2";
			developmentRegion = English;
			hasScannedForEncodings = 0;
			knownRegions = (
				en,
				Base,
			);
			mainGroup = 9295FBB81C7E86FD007B4B95;
			productRefGroup = 9295FBC21C7E86FE007B4B95 /* Products */;
			projectDirPath = "";
			projectRoot = "";
			targets = (
				9295FBC01C7E86FE007B4B95 /* Chacha */,
			);
		};
/* End PBXProject section */

/* Begin PBXResourcesBuildPhase section */
		9295FBBF1C7E86FE007B4B95 /* Resources */ = {
			isa = PBXResourcesBuildPhase;
			buildActionMask = 2147483647;
			files = (
				9295FBCF1C7E86FE007B4B95 /* LaunchScreen.storyboard in Resources */,
				9295FBCC1C7E86FE007B4B95 /* Assets.xcassets in Resources */,
				9238E2191C861DD900313AB7 /* Photos.xcassets in Resources */,
				92CE70361C83FF4200E3A7B6 /* QuestionFeed.storyboard in Resources */,
				9295FBCA1C7E86FE007B4B95 /* Main.storyboard in Resources */,
				9238E2171C861DB800313AB7 /* Photos.plist in Resources */,
			);
			runOnlyForDeploymentPostprocessing = 0;
		};
/* End PBXResourcesBuildPhase section */

/* Begin PBXShellScriptBuildPhase section */
		2CD3B1E3F30B95BE109B618C /* Copy Pods Resources */ = {
			isa = PBXShellScriptBuildPhase;
			buildActionMask = 2147483647;
			files = (
			);
			inputPaths = (
			);
			name = "Copy Pods Resources";
			outputPaths = (
			);
			runOnlyForDeploymentPostprocessing = 0;
			shellPath = /bin/sh;
			shellScript = "\"${SRCROOT}/Pods/Target Support Files/Pods-Chacha/Pods-Chacha-resources.sh\"\n";
			showEnvVarsInLog = 0;
		};
		5F5187C6EEFAD391F6786EE3 /* Embed Pods Frameworks */ = {
			isa = PBXShellScriptBuildPhase;
			buildActionMask = 2147483647;
			files = (
			);
			inputPaths = (
			);
			name = "Embed Pods Frameworks";
			outputPaths = (
			);
			runOnlyForDeploymentPostprocessing = 0;
			shellPath = /bin/sh;
			shellScript = "\"${SRCROOT}/Pods/Target Support Files/Pods-Chacha/Pods-Chacha-frameworks.sh\"\n";
			showEnvVarsInLog = 0;
		};
		941C5798DBF2ACC1AEB4F2C6 /* Check Pods Manifest.lock */ = {
			isa = PBXShellScriptBuildPhase;
			buildActionMask = 2147483647;
			files = (
			);
			inputPaths = (
			);
			name = "Check Pods Manifest.lock";
			outputPaths = (
			);
			runOnlyForDeploymentPostprocessing = 0;
			shellPath = /bin/sh;
			shellScript = "diff \"${PODS_ROOT}/../Podfile.lock\" \"${PODS_ROOT}/Manifest.lock\" > /dev/null\nif [[ $? != 0 ]] ; then\n    cat << EOM\nerror: The sandbox is not in sync with the Podfile.lock. Run 'pod install' or update your CocoaPods installation.\nEOM\n    exit 1\nfi\n";
			showEnvVarsInLog = 0;
		};
/* End PBXShellScriptBuildPhase section */

/* Begin PBXSourcesBuildPhase section */
		9295FBBD1C7E86FE007B4B95 /* Sources */ = {
			isa = PBXSourcesBuildPhase;
			buildActionMask = 2147483647;
			files = (
				92CE70291C839C0000E3A7B6 /* DateExtensions.swift in Sources */,
				9295FBF81C7EA4FC007B4B95 /* Globals.swift in Sources */,
				9238E21E1C8625E300313AB7 /* AnnotatedPhotoCell.swift in Sources */,
				92CE702D1C839F7300E3A7B6 /* iLikeyDateTextField.swift in Sources */,
				9295FBF61C7E9FF7007B4B95 /* SignUpViewController.swift in Sources */,
				92CE70261C83986000E3A7B6 /* User.swift in Sources */,
				9238E2131C861B1B00313AB7 /* ExploreLayout.swift in Sources */,
				9295FBFA1C838DE3007B4B95 /* UIColorExtension.swift in Sources */,
				9238E2071C84BEBF00313AB7 /* Alert.swift in Sources */,
				9295FBC71C7E86FE007B4B95 /* ViewController.swift in Sources */,
				9238E2151C861B6100313AB7 /* Photo.swift in Sources */,
				92CE703A1C8400A200E3A7B6 /* FeedViewController.swift in Sources */,
				9238E21C1C86243600313AB7 /* RoundedCornersView.swift in Sources */,
				9295FBC51C7E86FE007B4B95 /* AppDelegate.swift in Sources */,
				9238E2111C861AA000313AB7 /* ExploreViewController.swift in Sources */,
				92CE70311C83AAA800E3A7B6 /* LogInViewController.swift in Sources */,
				92CE702B1C839D8700E3A7B6 /* UIImageExtension.swift in Sources */,
			);
			runOnlyForDeploymentPostprocessing = 0;
		};
/* End PBXSourcesBuildPhase section */

/* Begin PBXVariantGroup section */
		9295FBC81C7E86FE007B4B95 /* Main.storyboard */ = {
			isa = PBXVariantGroup;
			children = (
				9295FBC91C7E86FE007B4B95 /* Base */,
			);
			name = Main.storyboard;
			sourceTree = "<group>";
		};
		9295FBCD1C7E86FE007B4B95 /* LaunchScreen.storyboard */ = {
			isa = PBXVariantGroup;
			children = (
				9295FBCE1C7E86FE007B4B95 /* Base */,
			);
			name = LaunchScreen.storyboard;
			sourceTree = "<group>";
		};
/* End PBXVariantGroup section */

/* Begin XCBuildConfiguration section */
		9295FBD11C7E86FE007B4B95 /* Debug */ = {
			isa = XCBuildConfiguration;
			buildSettings = {
				ALWAYS_SEARCH_USER_PATHS = NO;
				CLANG_CXX_LANGUAGE_STANDARD = "gnu++0x";
				CLANG_CXX_LIBRARY = "libc++";
				CLANG_ENABLE_MODULES = YES;
				CLANG_ENABLE_OBJC_ARC = YES;
				CLANG_WARN_BOOL_CONVERSION = YES;
				CLANG_WARN_CONSTANT_CONVERSION = YES;
				CLANG_WARN_DIRECT_OBJC_ISA_USAGE = YES_ERROR;
				CLANG_WARN_EMPTY_BODY = YES;
				CLANG_WARN_ENUM_CONVERSION = YES;
				CLANG_WARN_INT_CONVERSION = YES;
				CLANG_WARN_OBJC_ROOT_CLASS = YES_ERROR;
				CLANG_WARN_UNREACHABLE_CODE = YES;
				CLANG_WARN__DUPLICATE_METHOD_MATCH = YES;
				"CODE_SIGN_IDENTITY[sdk=iphoneos*]" = "iPhone Developer";
				COPY_PHASE_STRIP = NO;
				DEBUG_INFORMATION_FORMAT = dwarf;
				ENABLE_STRICT_OBJC_MSGSEND = YES;
				ENABLE_TESTABILITY = YES;
				GCC_C_LANGUAGE_STANDARD = gnu99;
				GCC_DYNAMIC_NO_PIC = NO;
				GCC_NO_COMMON_BLOCKS = YES;
				GCC_OPTIMIZATION_LEVEL = 0;
				GCC_PREPROCESSOR_DEFINITIONS = (
					"DEBUG=1",
					"$(inherited)",
				);
				GCC_WARN_64_TO_32_BIT_CONVERSION = YES;
				GCC_WARN_ABOUT_RETURN_TYPE = YES_ERROR;
				GCC_WARN_UNDECLARED_SELECTOR = YES;
				GCC_WARN_UNINITIALIZED_AUTOS = YES_AGGRESSIVE;
				GCC_WARN_UNUSED_FUNCTION = YES;
				GCC_WARN_UNUSED_VARIABLE = YES;
				IPHONEOS_DEPLOYMENT_TARGET = 9.2;
				MTL_ENABLE_DEBUG_INFO = YES;
				ONLY_ACTIVE_ARCH = YES;
				SDKROOT = iphoneos;
				SWIFT_OPTIMIZATION_LEVEL = "-Onone";
			};
			name = Debug;
		};
		9295FBD21C7E86FE007B4B95 /* Release */ = {
			isa = XCBuildConfiguration;
			buildSettings = {
				ALWAYS_SEARCH_USER_PATHS = NO;
				CLANG_CXX_LANGUAGE_STANDARD = "gnu++0x";
				CLANG_CXX_LIBRARY = "libc++";
				CLANG_ENABLE_MODULES = YES;
				CLANG_ENABLE_OBJC_ARC = YES;
				CLANG_WARN_BOOL_CONVERSION = YES;
				CLANG_WARN_CONSTANT_CONVERSION = YES;
				CLANG_WARN_DIRECT_OBJC_ISA_USAGE = YES_ERROR;
				CLANG_WARN_EMPTY_BODY = YES;
				CLANG_WARN_ENUM_CONVERSION = YES;
				CLANG_WARN_INT_CONVERSION = YES;
				CLANG_WARN_OBJC_ROOT_CLASS = YES_ERROR;
				CLANG_WARN_UNREACHABLE_CODE = YES;
				CLANG_WARN__DUPLICATE_METHOD_MATCH = YES;
				"CODE_SIGN_IDENTITY[sdk=iphoneos*]" = "iPhone Developer";
				COPY_PHASE_STRIP = NO;
				DEBUG_INFORMATION_FORMAT = "dwarf-with-dsym";
				ENABLE_NS_ASSERTIONS = NO;
				ENABLE_STRICT_OBJC_MSGSEND = YES;
				GCC_C_LANGUAGE_STANDARD = gnu99;
				GCC_NO_COMMON_BLOCKS = YES;
				GCC_WARN_64_TO_32_BIT_CONVERSION = YES;
				GCC_WARN_ABOUT_RETURN_TYPE = YES_ERROR;
				GCC_WARN_UNDECLARED_SELECTOR = YES;
				GCC_WARN_UNINITIALIZED_AUTOS = YES_AGGRESSIVE;
				GCC_WARN_UNUSED_FUNCTION = YES;
				GCC_WARN_UNUSED_VARIABLE = YES;
				IPHONEOS_DEPLOYMENT_TARGET = 9.2;
				MTL_ENABLE_DEBUG_INFO = NO;
				SDKROOT = iphoneos;
				VALIDATE_PRODUCT = YES;
			};
			name = Release;
		};
		9295FBD41C7E86FE007B4B95 /* Debug */ = {
			isa = XCBuildConfiguration;
			baseConfigurationReference = CEC0C52EB7CE8FDB4BE73F2A /* Pods-Chacha.debug.xcconfig */;
			buildSettings = {
				ASSETCATALOG_COMPILER_APPICON_NAME = AppIcon;
				FRAMEWORK_SEARCH_PATHS = (
					"$(inherited)",
					"$(PROJECT_DIR)/Chacha",
				);
				INFOPLIST_FILE = Chacha/Info.plist;
				LD_RUNPATH_SEARCH_PATHS = "$(inherited) @executable_path/Frameworks";
				PRODUCT_BUNDLE_IDENTIFIER = dcj.Chong500Productions.Chacha;
				PRODUCT_NAME = "$(TARGET_NAME)";
			};
			name = Debug;
		};
		9295FBD51C7E86FE007B4B95 /* Release */ = {
			isa = XCBuildConfiguration;
			baseConfigurationReference = F928ED878B9E405364379687 /* Pods-Chacha.release.xcconfig */;
			buildSettings = {
				ASSETCATALOG_COMPILER_APPICON_NAME = AppIcon;
				FRAMEWORK_SEARCH_PATHS = (
					"$(inherited)",
					"$(PROJECT_DIR)/Chacha",
				);
				INFOPLIST_FILE = Chacha/Info.plist;
				LD_RUNPATH_SEARCH_PATHS = "$(inherited) @executable_path/Frameworks";
				PRODUCT_BUNDLE_IDENTIFIER = dcj.Chong500Productions.Chacha;
				PRODUCT_NAME = "$(TARGET_NAME)";
			};
			name = Release;
		};
/* End XCBuildConfiguration section */

/* Begin XCConfigurationList section */
		9295FBBC1C7E86FD007B4B95 /* Build configuration list for PBXProject "Chacha" */ = {
			isa = XCConfigurationList;
			buildConfigurations = (
				9295FBD11C7E86FE007B4B95 /* Debug */,
				9295FBD21C7E86FE007B4B95 /* Release */,
			);
			defaultConfigurationIsVisible = 0;
			defaultConfigurationName = Release;
		};
		9295FBD31C7E86FE007B4B95 /* Build configuration list for PBXNativeTarget "Chacha" */ = {
			isa = XCConfigurationList;
			buildConfigurations = (
				9295FBD41C7E86FE007B4B95 /* Debug */,
				9295FBD51C7E86FE007B4B95 /* Release */,
			);
			defaultConfigurationIsVisible = 0;
			defaultConfigurationName = Release;
		};
/* End XCConfigurationList section */
	};
	rootObject = 9295FBB91C7E86FD007B4B95 /* Project object */;
}
